// !$*UTF8*$!
{
	archiveVersion = 1;
	classes = {
	};
	objectVersion = 77;
	objects = {

/* Begin PBXBuildFile section */
		1B28E3B431607AF3541B10CF /* ProfileView.swift in Sources */ = {isa = PBXBuildFile; fileRef = 9D24A90A1BC9CD5047AF9CD4 /* ProfileView.swift */; };
		1E50EF405564C0A3A76E874C /* CommonViews.swift in Sources */ = {isa = PBXBuildFile; fileRef = 847347FC999CB0E07CC6072B /* CommonViews.swift */; };
		2395475E80F781F39B62C42E /* AppTheme+Extensions.swift in Sources */ = {isa = PBXBuildFile; fileRef = 192C59A11A62B9F5D9221598 /* AppTheme+Extensions.swift */; };
		3DDE7157AEA4AE007154F180 /* GamesView.swift in Sources */ = {isa = PBXBuildFile; fileRef = 0C79A66259C8480329159BAD /* GamesView.swift */; };
		44D1819A638C4405903733A4 /* EnhancedWritingPracticeView.swift in Sources */ = {isa = PBXBuildFile; fileRef = 0B2CA11669C573448F7F4384 /* EnhancedWritingPracticeView.swift */; };
		5253A2C398B0BB8E4E06DD60 /* AppLogger.swift in Sources */ = {isa = PBXBuildFile; fileRef = 298A8BECBC34527597963470 /* AppLogger.swift */; };
		56F723895E23CBB2ABD09523 /* RetryManager.swift in Sources */ = {isa = PBXBuildFile; fileRef = 2B55219B903F4CBB6EE55D78 /* RetryManager.swift */; };
		62B58E965E968F260F7465E2 /* HelpSupportView.swift in Sources */ = {isa = PBXBuildFile; fileRef = 03ABDC2DD6DE54C7F86930C0 /* HelpSupportView.swift */; };
		64AD42A82DEF84333B596FE9 /* Assets.xcassets in Resources */ = {isa = PBXBuildFile; fileRef = 7B56631443719D26A0C4CC62 /* Assets.xcassets */; };
		65B4559581E54765F32F793B /* FeaturesGuideView.swift in Sources */ = {isa = PBXBuildFile; fileRef = 625D675E03144EC33A995795 /* FeaturesGuideView.swift */; };
		67C2F53C90558E9CC5C95995 /* FirebaseAuth in Frameworks */ = {isa = PBXBuildFile; productRef = 6C6F4AC20A9B432E2382E4BF /* FirebaseAuth */; };
		69C565E1B2F6248D59B052A4 /* AppConfiguration.swift in Sources */ = {isa = PBXBuildFile; fileRef = 95BD34209866A1D83519363C /* AppConfiguration.swift */; };
		6A1B973DB163391F0FA20790 /* AccessibilityIdentifiers.swift in Sources */ = {isa = PBXBuildFile; fileRef = 3DB94198F28B7934E03AA06B /* AccessibilityIdentifiers.swift */; };
		7B84F47E6D17A51BE18087C2 /* SignInView.swift in Sources */ = {isa = PBXBuildFile; fileRef = E7B9099B9BE4AED0B2FF71FB /* SignInView.swift */; };
		9196412C0B4F7FA84D4B9155 /* DrawingComponents.swift in Sources */ = {isa = PBXBuildFile; fileRef = 288D6551F74C69ABFE95B459 /* DrawingComponents.swift */; };
		96698499A4AA1948DE708B7B /* AppTheme.swift in Sources */ = {isa = PBXBuildFile; fileRef = 8CC0446A640EF8821B8EAB99 /* AppTheme.swift */; };
		A07E6EDFAB112D90BC90320D /* AboutView.swift in Sources */ = {isa = PBXBuildFile; fileRef = 88C13B86F88ED1E7D7A1A77C /* AboutView.swift */; };
		A0925D5E10E2E80BF173AD1B /* GamificationModels.swift in Sources */ = {isa = PBXBuildFile; fileRef = D91B803ADA966597A7426BC0 /* GamificationModels.swift */; };
		A1D8C5056ECE896DE6DFEF83 /* LearningDataService.swift in Sources */ = {isa = PBXBuildFile; fileRef = 10CD9EFE3B67B2F74912A5D2 /* LearningDataService.swift */; };
		A58DCBAA0B8F34AE64EBCFAF /* FeatureFlags.swift in Sources */ = {isa = PBXBuildFile; fileRef = 9260BE98DB3E8DBF3C7321B5 /* FeatureFlags.swift */; };
		AC41E2680293451474418BA2 /* InputValidator.swift in Sources */ = {isa = PBXBuildFile; fileRef = 970528AD495CE1717EABAAB5 /* InputValidator.swift */; };
		AE152913ED1DA3716BA2DC97 /* FlashcardViews.swift in Sources */ = {isa = PBXBuildFile; fileRef = 05810F0787695A53B281F11E /* FlashcardViews.swift */; };
		AECE622D58A90048A2E42B7C /* AudioService.swift in Sources */ = {isa = PBXBuildFile; fileRef = B12EF0A9A6E20E67C3500F23 /* AudioService.swift */; };
		AFDCE66378D4003B3E905B68 /* AppError.swift in Sources */ = {isa = PBXBuildFile; fileRef = 175D2152F8120C6A6B87BC02 /* AppError.swift */; };
		B6170757FE414A0DB2372E48 /* nepali_learning_data.json in Resources */ = {isa = PBXBuildFile; fileRef = 05AF9CE9DE68F838EE13EBC9 /* nepali_learning_data.json */; };
		B6C2A687D1F252A2631F5072 /* NetworkMonitor.swift in Sources */ = {isa = PBXBuildFile; fileRef = D73E94E44B492D8790C8E01E /* NetworkMonitor.swift */; };
		BAC494B4FBE3F2FDE0AECAC4 /* NPLearnApp.swift in Sources */ = {isa = PBXBuildFile; fileRef = BF02D8EE646100C2E7BDED62 /* NPLearnApp.swift */; };
		C1501F1F1D474D3DA74D5B0F /* ProductionConfig.swift in Sources */ = {isa = PBXBuildFile; fileRef = 3352B2726C94C1F901845547 /* ProductionConfig.swift */; };
		C619C3A9D10EE345901A42B9 /* PracticeViews.swift in Sources */ = {isa = PBXBuildFile; fileRef = BBC2BF15AC76B073E4C3C32A /* PracticeViews.swift */; };
		CB215DBB22163C52F238E874 /* SentenceBuilderGame.swift in Sources */ = {isa = PBXBuildFile; fileRef = 871FDBE8777E40F55F23B122 /* SentenceBuilderGame.swift */; };
		CE7EF0D2924B0D996AE77E65 /* ToastManager.swift in Sources */ = {isa = PBXBuildFile; fileRef = 09FE40D65D0247338BD03421 /* ToastManager.swift */; };
		D3A25912A15FD4139932A02A /* HomeView.swift in Sources */ = {isa = PBXBuildFile; fileRef = 72B2845DA940649C49678571 /* HomeView.swift */; };
		D61911DDB3C7288F5FB36FE9 /* MiniGamesView.swift in Sources */ = {isa = PBXBuildFile; fileRef = E3D4AE036D1C9A3DBA3B2FBC /* MiniGamesView.swift */; };
		D925D7F3BC4403CF2411FD1E /* HowToUseView.swift in Sources */ = {isa = PBXBuildFile; fileRef = 7FA709ED1A0EE75DFD6AFB4E /* HowToUseView.swift */; };
		DAEF273B4CA128E96FEB8629 /* GameImplementations.swift in Sources */ = {isa = PBXBuildFile; fileRef = A57A81764F0A969A939BE94E /* GameImplementations.swift */; };
		E70E7619B66361905085DF00 /* JSONParserService.swift in Sources */ = {isa = PBXBuildFile; fileRef = A38FE729893C5927ECE1A171 /* JSONParserService.swift */; };
		EC8D8BDAEFD077B9BA96CA55 /* LearningModels.swift in Sources */ = {isa = PBXBuildFile; fileRef = D56EB727A2E160AE4637810B /* LearningModels.swift */; };
		F5E7C87178C24B870E9A171C /* GoogleService-Info.plist in Resources */ = {isa = PBXBuildFile; fileRef = DD17897B1ECDB9594E7C1285 /* GoogleService-Info.plist */; };
		FA1E2CED886CEF55D6C2C8A9 /* SampleDataService.swift in Sources */ = {isa = PBXBuildFile; fileRef = AC6A7912E4E32E793C5E8ED1 /* SampleDataService.swift */; };
		FF055DE0B63F35B24D4AA34C /* Haptics.swift in Sources */ = {isa = PBXBuildFile; fileRef = 3F4BAD29627589BD5C506015 /* Haptics.swift */; };
		FFF4D3080B3E4693D74E9EA4 /* AuthService.swift in Sources */ = {isa = PBXBuildFile; fileRef = A5BC96729811F922C83354DD /* AuthService.swift */; };
/* End PBXBuildFile section */

/* Begin PBXContainerItemProxy section */
		7D97D717B0C0538FA9217DE8 /* PBXContainerItemProxy */ = {
			isa = PBXContainerItemProxy;
			containerPortal = 6B9A48036F838EBE5744942A /* Project object */;
			proxyType = 1;
			remoteGlobalIDString = E4D9DD32C4A31AEA2263AB59;
			remoteInfo = NPLearn;
		};
		F7DBB92F7B4D85BC605C06EF /* PBXContainerItemProxy */ = {
			isa = PBXContainerItemProxy;
			containerPortal = 6B9A48036F838EBE5744942A /* Project object */;
			proxyType = 1;
			remoteGlobalIDString = E4D9DD32C4A31AEA2263AB59;
			remoteInfo = NPLearn;
		};
/* End PBXContainerItemProxy section */

/* Begin PBXFileReference section */
		03ABDC2DD6DE54C7F86930C0 /* HelpSupportView.swift */ = {isa = PBXFileReference; lastKnownFileType = sourcecode.swift; path = HelpSupportView.swift; sourceTree = "<group>"; };
		05810F0787695A53B281F11E /* FlashcardViews.swift */ = {isa = PBXFileReference; lastKnownFileType = sourcecode.swift; path = FlashcardViews.swift; sourceTree = "<group>"; };
		05AF9CE9DE68F838EE13EBC9 /* nepali_learning_data.json */ = {isa = PBXFileReference; lastKnownFileType = text.json; path = nepali_learning_data.json; sourceTree = "<group>"; };
		09FE40D65D0247338BD03421 /* ToastManager.swift */ = {isa = PBXFileReference; lastKnownFileType = sourcecode.swift; path = ToastManager.swift; sourceTree = "<group>"; };
		0B2CA11669C573448F7F4384 /* EnhancedWritingPracticeView.swift */ = {isa = PBXFileReference; lastKnownFileType = sourcecode.swift; path = EnhancedWritingPracticeView.swift; sourceTree = "<group>"; };
		0C79A66259C8480329159BAD /* GamesView.swift */ = {isa = PBXFileReference; lastKnownFileType = sourcecode.swift; path = GamesView.swift; sourceTree = "<group>"; };
		10CD9EFE3B67B2F74912A5D2 /* LearningDataService.swift */ = {isa = PBXFileReference; lastKnownFileType = sourcecode.swift; path = LearningDataService.swift; sourceTree = "<group>"; };
		175D2152F8120C6A6B87BC02 /* AppError.swift */ = {isa = PBXFileReference; lastKnownFileType = sourcecode.swift; path = AppError.swift; sourceTree = "<group>"; };
		192C59A11A62B9F5D9221598 /* AppTheme+Extensions.swift */ = {isa = PBXFileReference; lastKnownFileType = sourcecode.swift; path = "AppTheme+Extensions.swift"; sourceTree = "<group>"; };
		288D6551F74C69ABFE95B459 /* DrawingComponents.swift */ = {isa = PBXFileReference; lastKnownFileType = sourcecode.swift; path = DrawingComponents.swift; sourceTree = "<group>"; };
		298A8BECBC34527597963470 /* AppLogger.swift */ = {isa = PBXFileReference; lastKnownFileType = sourcecode.swift; path = AppLogger.swift; sourceTree = "<group>"; };
		2B55219B903F4CBB6EE55D78 /* RetryManager.swift */ = {isa = PBXFileReference; lastKnownFileType = sourcecode.swift; path = RetryManager.swift; sourceTree = "<group>"; };
		3352B2726C94C1F901845547 /* ProductionConfig.swift */ = {isa = PBXFileReference; lastKnownFileType = sourcecode.swift; path = ProductionConfig.swift; sourceTree = "<group>"; };
		349E73C8BB79CF0346703E00 /* NPLearn.app */ = {isa = PBXFileReference; includeInIndex = 0; lastKnownFileType = wrapper.application; path = NPLearn.app; sourceTree = BUILT_PRODUCTS_DIR; };
		3DB94198F28B7934E03AA06B /* AccessibilityIdentifiers.swift */ = {isa = PBXFileReference; lastKnownFileType = sourcecode.swift; path = AccessibilityIdentifiers.swift; sourceTree = "<group>"; };
		3F4BAD29627589BD5C506015 /* Haptics.swift */ = {isa = PBXFileReference; lastKnownFileType = sourcecode.swift; path = Haptics.swift; sourceTree = "<group>"; };
		625D675E03144EC33A995795 /* FeaturesGuideView.swift */ = {isa = PBXFileReference; lastKnownFileType = sourcecode.swift; path = FeaturesGuideView.swift; sourceTree = "<group>"; };
		72B2845DA940649C49678571 /* HomeView.swift */ = {isa = PBXFileReference; lastKnownFileType = sourcecode.swift; path = HomeView.swift; sourceTree = "<group>"; };
		7B56631443719D26A0C4CC62 /* Assets.xcassets */ = {isa = PBXFileReference; lastKnownFileType = folder.assetcatalog; path = Assets.xcassets; sourceTree = "<group>"; };
		7FA709ED1A0EE75DFD6AFB4E /* HowToUseView.swift */ = {isa = PBXFileReference; lastKnownFileType = sourcecode.swift; path = HowToUseView.swift; sourceTree = "<group>"; };
		7FD2D5BC8D52D20125C5FA64 /* NPLearnTests.xctest */ = {isa = PBXFileReference; includeInIndex = 0; lastKnownFileType = wrapper.cfbundle; path = NPLearnTests.xctest; sourceTree = BUILT_PRODUCTS_DIR; };
		847347FC999CB0E07CC6072B /* CommonViews.swift */ = {isa = PBXFileReference; lastKnownFileType = sourcecode.swift; path = CommonViews.swift; sourceTree = "<group>"; };
		871FDBE8777E40F55F23B122 /* SentenceBuilderGame.swift */ = {isa = PBXFileReference; lastKnownFileType = sourcecode.swift; path = SentenceBuilderGame.swift; sourceTree = "<group>"; };
		88C13B86F88ED1E7D7A1A77C /* AboutView.swift */ = {isa = PBXFileReference; lastKnownFileType = sourcecode.swift; path = AboutView.swift; sourceTree = "<group>"; };
		8CC0446A640EF8821B8EAB99 /* AppTheme.swift */ = {isa = PBXFileReference; lastKnownFileType = sourcecode.swift; path = AppTheme.swift; sourceTree = "<group>"; };
		9260BE98DB3E8DBF3C7321B5 /* FeatureFlags.swift */ = {isa = PBXFileReference; lastKnownFileType = sourcecode.swift; path = FeatureFlags.swift; sourceTree = "<group>"; };
		95BD34209866A1D83519363C /* AppConfiguration.swift */ = {isa = PBXFileReference; lastKnownFileType = sourcecode.swift; path = AppConfiguration.swift; sourceTree = "<group>"; };
		970528AD495CE1717EABAAB5 /* InputValidator.swift */ = {isa = PBXFileReference; lastKnownFileType = sourcecode.swift; path = InputValidator.swift; sourceTree = "<group>"; };
		9D24A90A1BC9CD5047AF9CD4 /* ProfileView.swift */ = {isa = PBXFileReference; lastKnownFileType = sourcecode.swift; path = ProfileView.swift; sourceTree = "<group>"; };
		A38FE729893C5927ECE1A171 /* JSONParserService.swift */ = {isa = PBXFileReference; lastKnownFileType = sourcecode.swift; path = JSONParserService.swift; sourceTree = "<group>"; };
		A57A81764F0A969A939BE94E /* GameImplementations.swift */ = {isa = PBXFileReference; lastKnownFileType = sourcecode.swift; path = GameImplementations.swift; sourceTree = "<group>"; };
		A5BC96729811F922C83354DD /* AuthService.swift */ = {isa = PBXFileReference; lastKnownFileType = sourcecode.swift; path = AuthService.swift; sourceTree = "<group>"; };
		AC6A7912E4E32E793C5E8ED1 /* SampleDataService.swift */ = {isa = PBXFileReference; lastKnownFileType = sourcecode.swift; path = SampleDataService.swift; sourceTree = "<group>"; };
		B12EF0A9A6E20E67C3500F23 /* AudioService.swift */ = {isa = PBXFileReference; lastKnownFileType = sourcecode.swift; path = AudioService.swift; sourceTree = "<group>"; };
		B8E36E2DAAF3C855B556D3AA /* NPLearn.entitlements */ = {isa = PBXFileReference; lastKnownFileType = text.plist.entitlements; path = NPLearn.entitlements; sourceTree = "<group>"; };
		BBC2BF15AC76B073E4C3C32A /* PracticeViews.swift */ = {isa = PBXFileReference; lastKnownFileType = sourcecode.swift; path = PracticeViews.swift; sourceTree = "<group>"; };
		BF02D8EE646100C2E7BDED62 /* NPLearnApp.swift */ = {isa = PBXFileReference; lastKnownFileType = sourcecode.swift; path = NPLearnApp.swift; sourceTree = "<group>"; };
		D56EB727A2E160AE4637810B /* LearningModels.swift */ = {isa = PBXFileReference; lastKnownFileType = sourcecode.swift; path = LearningModels.swift; sourceTree = "<group>"; };
		D73E94E44B492D8790C8E01E /* NetworkMonitor.swift */ = {isa = PBXFileReference; lastKnownFileType = sourcecode.swift; path = NetworkMonitor.swift; sourceTree = "<group>"; };
		D91B803ADA966597A7426BC0 /* GamificationModels.swift */ = {isa = PBXFileReference; lastKnownFileType = sourcecode.swift; path = GamificationModels.swift; sourceTree = "<group>"; };
		DD17897B1ECDB9594E7C1285 /* GoogleService-Info.plist */ = {isa = PBXFileReference; lastKnownFileType = text.plist; path = "GoogleService-Info.plist"; sourceTree = "<group>"; };
		E3D4AE036D1C9A3DBA3B2FBC /* MiniGamesView.swift */ = {isa = PBXFileReference; lastKnownFileType = sourcecode.swift; path = MiniGamesView.swift; sourceTree = "<group>"; };
		E7B9099B9BE4AED0B2FF71FB /* SignInView.swift */ = {isa = PBXFileReference; lastKnownFileType = sourcecode.swift; path = SignInView.swift; sourceTree = "<group>"; };
		EF5C38A81DACF9A49570D86C /* NPLearnUITests.xctest */ = {isa = PBXFileReference; includeInIndex = 0; lastKnownFileType = wrapper.cfbundle; path = NPLearnUITests.xctest; sourceTree = BUILT_PRODUCTS_DIR; };
/* End PBXFileReference section */

/* Begin PBXFrameworksBuildPhase section */
		B32A490DAAA4956A996A40A2 /* Frameworks */ = {
			isa = PBXFrameworksBuildPhase;
			buildActionMask = 2147483647;
			files = (
				67C2F53C90558E9CC5C95995 /* FirebaseAuth in Frameworks */,
			);
			runOnlyForDeploymentPostprocessing = 0;
		};
/* End PBXFrameworksBuildPhase section */

/* Begin PBXGroup section */
		03F71648F83910D6578F7CD4 /* Models */ = {
			isa = PBXGroup;
			children = (
				D91B803ADA966597A7426BC0 /* GamificationModels.swift */,
				D56EB727A2E160AE4637810B /* LearningModels.swift */,
			);
			path = Models;
			sourceTree = "<group>";
		};
		10C0732BA90DC8463EEABFF4 /* Products */ = {
			isa = PBXGroup;
			children = (
				349E73C8BB79CF0346703E00 /* NPLearn.app */,
				7FD2D5BC8D52D20125C5FA64 /* NPLearnTests.xctest */,
				EF5C38A81DACF9A49570D86C /* NPLearnUITests.xctest */,
			);
			name = Products;
			sourceTree = "<group>";
		};
		1F23663B2C8CC28C320DD937 /* Games */ = {
			isa = PBXGroup;
			children = (
				A57A81764F0A969A939BE94E /* GameImplementations.swift */,
				0C79A66259C8480329159BAD /* GamesView.swift */,
				E3D4AE036D1C9A3DBA3B2FBC /* MiniGamesView.swift */,
				871FDBE8777E40F55F23B122 /* SentenceBuilderGame.swift */,
			);
			path = Games;
			sourceTree = "<group>";
		};
		1F7D85C239710739BF0D5847 /* Services */ = {
			isa = PBXGroup;
			children = (
				B12EF0A9A6E20E67C3500F23 /* AudioService.swift */,
				A5BC96729811F922C83354DD /* AuthService.swift */,
				A38FE729893C5927ECE1A171 /* JSONParserService.swift */,
				10CD9EFE3B67B2F74912A5D2 /* LearningDataService.swift */,
				AC6A7912E4E32E793C5E8ED1 /* SampleDataService.swift */,
			);
			path = Services;
			sourceTree = "<group>";
		};
		26962CC4F2B9EA5C3BC9C72D /* UITests */ = {
			isa = PBXGroup;
			children = (
			);
			path = UITests;
			sourceTree = "<group>";
		};
		35C687DA5E460E1AF2D937F9 = {
			isa = PBXGroup;
			children = (
				DD17897B1ECDB9594E7C1285 /* GoogleService-Info.plist */,
				05AF9CE9DE68F838EE13EBC9 /* nepali_learning_data.json */,
				B6F8304A0114C8516DE0CD57 /* Sources */,
				762E95EDA80E443C008FFA77 /* Tests */,
				26962CC4F2B9EA5C3BC9C72D /* UITests */,
				10C0732BA90DC8463EEABFF4 /* Products */,
			);
			sourceTree = "<group>";
		};
		40F24D73C252CAD937F4AD0D /* Flashcards */ = {
			isa = PBXGroup;
			children = (
				05810F0787695A53B281F11E /* FlashcardViews.swift */,
			);
			path = Flashcards;
			sourceTree = "<group>";
		};
		4EB8D6A70C003CB8D0D242D2 /* Profile */ = {
			isa = PBXGroup;
			children = (
				88C13B86F88ED1E7D7A1A77C /* AboutView.swift */,
				625D675E03144EC33A995795 /* FeaturesGuideView.swift */,
				03ABDC2DD6DE54C7F86930C0 /* HelpSupportView.swift */,
				7FA709ED1A0EE75DFD6AFB4E /* HowToUseView.swift */,
				9D24A90A1BC9CD5047AF9CD4 /* ProfileView.swift */,
			);
			path = Profile;
			sourceTree = "<group>";
		};
		50FC4C698A92E25A201459E2 /* Practice */ = {
			isa = PBXGroup;
			children = (
				0B2CA11669C573448F7F4384 /* EnhancedWritingPracticeView.swift */,
				BBC2BF15AC76B073E4C3C32A /* PracticeViews.swift */,
			);
			path = Practice;
			sourceTree = "<group>";
		};
		557ACD3D6150A2B1D0BB1749 /* Views */ = {
			isa = PBXGroup;
			children = (
				998142C29A2A0413FC69A3C9 /* Auth */,
				89773C298A13D27CB3141848 /* Common */,
				40F24D73C252CAD937F4AD0D /* Flashcards */,
				1F23663B2C8CC28C320DD937 /* Games */,
				FA02430933513F782615A406 /* Home */,
				50FC4C698A92E25A201459E2 /* Practice */,
				4EB8D6A70C003CB8D0D242D2 /* Profile */,
			);
			path = Views;
			sourceTree = "<group>";
		};
		6B099D7CE53236CB0A2F42B9 /* Core */ = {
			isa = PBXGroup;
			children = (
				95BD34209866A1D83519363C /* AppConfiguration.swift */,
				8CC0446A640EF8821B8EAB99 /* AppTheme.swift */,
				192C59A11A62B9F5D9221598 /* AppTheme+Extensions.swift */,
				9260BE98DB3E8DBF3C7321B5 /* FeatureFlags.swift */,
				3352B2726C94C1F901845547 /* ProductionConfig.swift */,
			);
			path = Core;
			sourceTree = "<group>";
		};
		762E95EDA80E443C008FFA77 /* Tests */ = {
			isa = PBXGroup;
			children = (
			);
			path = Tests;
			sourceTree = "<group>";
		};
		7E55264418661C139D23039B /* Utilities */ = {
			isa = PBXGroup;
			children = (
				3DB94198F28B7934E03AA06B /* AccessibilityIdentifiers.swift */,
				175D2152F8120C6A6B87BC02 /* AppError.swift */,
				298A8BECBC34527597963470 /* AppLogger.swift */,
				3F4BAD29627589BD5C506015 /* Haptics.swift */,
				970528AD495CE1717EABAAB5 /* InputValidator.swift */,
				D73E94E44B492D8790C8E01E /* NetworkMonitor.swift */,
				2B55219B903F4CBB6EE55D78 /* RetryManager.swift */,
				09FE40D65D0247338BD03421 /* ToastManager.swift */,
			);
			path = Utilities;
			sourceTree = "<group>";
		};
		89773C298A13D27CB3141848 /* Common */ = {
			isa = PBXGroup;
			children = (
				847347FC999CB0E07CC6072B /* CommonViews.swift */,
				288D6551F74C69ABFE95B459 /* DrawingComponents.swift */,
			);
			path = Common;
			sourceTree = "<group>";
		};
		998142C29A2A0413FC69A3C9 /* Auth */ = {
			isa = PBXGroup;
			children = (
				E7B9099B9BE4AED0B2FF71FB /* SignInView.swift */,
			);
			path = Auth;
			sourceTree = "<group>";
		};
		B6F8304A0114C8516DE0CD57 /* Sources */ = {
			isa = PBXGroup;
			children = (
				7B56631443719D26A0C4CC62 /* Assets.xcassets */,
				B8E36E2DAAF3C855B556D3AA /* NPLearn.entitlements */,
				BF02D8EE646100C2E7BDED62 /* NPLearnApp.swift */,
				6B099D7CE53236CB0A2F42B9 /* Core */,
				03F71648F83910D6578F7CD4 /* Models */,
				1F7D85C239710739BF0D5847 /* Services */,
				7E55264418661C139D23039B /* Utilities */,
				557ACD3D6150A2B1D0BB1749 /* Views */,
			);
			path = Sources;
			sourceTree = "<group>";
		};
		FA02430933513F782615A406 /* Home */ = {
			isa = PBXGroup;
			children = (
				72B2845DA940649C49678571 /* HomeView.swift */,
			);
			path = Home;
			sourceTree = "<group>";
		};
/* End PBXGroup section */

/* Begin PBXNativeTarget section */
		B7CE4D98102E875D63F37C1F /* NPLearnUITests */ = {
			isa = PBXNativeTarget;
			buildConfigurationList = 85737FF6AFE6BB115D4FE3BC /* Build configuration list for PBXNativeTarget "NPLearnUITests" */;
			buildPhases = (
				C0E23EA25FCF47B726BB567C /* Sources */,
			);
			buildRules = (
			);
			dependencies = (
				E005F484675E4C758265A24C /* PBXTargetDependency */,
			);
			name = NPLearnUITests;
			packageProductDependencies = (
			);
			productName = NPLearnUITests;
			productReference = EF5C38A81DACF9A49570D86C /* NPLearnUITests.xctest */;
			productType = "com.apple.product-type.bundle.ui-testing";
		};
		E20B9D447AAC1BC1ADF4593F /* NPLearnTests */ = {
			isa = PBXNativeTarget;
			buildConfigurationList = 2643DE33FCB4DE13BF30F615 /* Build configuration list for PBXNativeTarget "NPLearnTests" */;
			buildPhases = (
				3FC5CFDC9F45EA424A041391 /* Sources */,
			);
			buildRules = (
			);
			dependencies = (
				36C7781A8E46CAA1F819BD21 /* PBXTargetDependency */,
			);
			name = NPLearnTests;
			packageProductDependencies = (
			);
			productName = NPLearnTests;
			productReference = 7FD2D5BC8D52D20125C5FA64 /* NPLearnTests.xctest */;
			productType = "com.apple.product-type.bundle.unit-test";
		};
		E4D9DD32C4A31AEA2263AB59 /* NPLearn */ = {
			isa = PBXNativeTarget;
			buildConfigurationList = C00DE1BECB25B2E817B7A699 /* Build configuration list for PBXNativeTarget "NPLearn" */;
			buildPhases = (
				D50C2FBB0A4DD94CF1AA4A19 /* Sources */,
				F7DDD1B482F1E8DA6A28E5FC /* Resources */,
				B32A490DAAA4956A996A40A2 /* Frameworks */,
			);
			buildRules = (
			);
			dependencies = (
			);
			name = NPLearn;
			packageProductDependencies = (
				6C6F4AC20A9B432E2382E4BF /* FirebaseAuth */,
			);
			productName = NPLearn;
			productReference = 349E73C8BB79CF0346703E00 /* NPLearn.app */;
			productType = "com.apple.product-type.application";
		};
/* End PBXNativeTarget section */

/* Begin PBXProject section */
		6B9A48036F838EBE5744942A /* Project object */ = {
			isa = PBXProject;
			attributes = {
				BuildIndependentTargetsInParallel = YES;
				LastUpgradeCheck = 1430;
				TargetAttributes = {
					B7CE4D98102E875D63F37C1F = {
						TestTargetID = E4D9DD32C4A31AEA2263AB59;
					};
					E4D9DD32C4A31AEA2263AB59 = {
						DevelopmentTeam = 9A3YFRQ7SM;
						ProvisioningStyle = Automatic;
					};
				};
			};
			buildConfigurationList = 1EAE4EFF9EB4920BE6CAB8D1 /* Build configuration list for PBXProject "NPLearn" */;
			compatibilityVersion = "Xcode 14.0";
			developmentRegion = en;
			hasScannedForEncodings = 0;
			knownRegions = (
				Base,
				en,
			);
			mainGroup = 35C687DA5E460E1AF2D937F9;
			minimizedProjectReferenceProxies = 1;
			packageReferences = (
				FA474365195381848CA9DCE5 /* XCRemoteSwiftPackageReference "firebase-ios-sdk" */,
			);
			preferredProjectObjectVersion = 77;
			projectDirPath = "";
			projectRoot = "";
			targets = (
				E4D9DD32C4A31AEA2263AB59 /* NPLearn */,
				E20B9D447AAC1BC1ADF4593F /* NPLearnTests */,
				B7CE4D98102E875D63F37C1F /* NPLearnUITests */,
			);
		};
/* End PBXProject section */

/* Begin PBXResourcesBuildPhase section */
		F7DDD1B482F1E8DA6A28E5FC /* Resources */ = {
			isa = PBXResourcesBuildPhase;
			buildActionMask = 2147483647;
			files = (
				64AD42A82DEF84333B596FE9 /* Assets.xcassets in Resources */,
				F5E7C87178C24B870E9A171C /* GoogleService-Info.plist in Resources */,
				B6170757FE414A0DB2372E48 /* nepali_learning_data.json in Resources */,
			);
			runOnlyForDeploymentPostprocessing = 0;
		};
/* End PBXResourcesBuildPhase section */

/* Begin PBXSourcesBuildPhase section */
		3FC5CFDC9F45EA424A041391 /* Sources */ = {
			isa = PBXSourcesBuildPhase;
			buildActionMask = 2147483647;
			files = (
			);
			runOnlyForDeploymentPostprocessing = 0;
		};
		C0E23EA25FCF47B726BB567C /* Sources */ = {
			isa = PBXSourcesBuildPhase;
			buildActionMask = 2147483647;
			files = (
			);
			runOnlyForDeploymentPostprocessing = 0;
		};
		D50C2FBB0A4DD94CF1AA4A19 /* Sources */ = {
			isa = PBXSourcesBuildPhase;
			buildActionMask = 2147483647;
			files = (
				A07E6EDFAB112D90BC90320D /* AboutView.swift in Sources */,
				6A1B973DB163391F0FA20790 /* AccessibilityIdentifiers.swift in Sources */,
				69C565E1B2F6248D59B052A4 /* AppConfiguration.swift in Sources */,
				AFDCE66378D4003B3E905B68 /* AppError.swift in Sources */,
				5253A2C398B0BB8E4E06DD60 /* AppLogger.swift in Sources */,
				2395475E80F781F39B62C42E /* AppTheme+Extensions.swift in Sources */,
				96698499A4AA1948DE708B7B /* AppTheme.swift in Sources */,
				AECE622D58A90048A2E42B7C /* AudioService.swift in Sources */,
				FFF4D3080B3E4693D74E9EA4 /* AuthService.swift in Sources */,
				1E50EF405564C0A3A76E874C /* CommonViews.swift in Sources */,
				9196412C0B4F7FA84D4B9155 /* DrawingComponents.swift in Sources */,
				44D1819A638C4405903733A4 /* EnhancedWritingPracticeView.swift in Sources */,
				A58DCBAA0B8F34AE64EBCFAF /* FeatureFlags.swift in Sources */,
				65B4559581E54765F32F793B /* FeaturesGuideView.swift in Sources */,
				AE152913ED1DA3716BA2DC97 /* FlashcardViews.swift in Sources */,
				DAEF273B4CA128E96FEB8629 /* GameImplementations.swift in Sources */,
				3DDE7157AEA4AE007154F180 /* GamesView.swift in Sources */,
				A0925D5E10E2E80BF173AD1B /* GamificationModels.swift in Sources */,
				FF055DE0B63F35B24D4AA34C /* Haptics.swift in Sources */,
				62B58E965E968F260F7465E2 /* HelpSupportView.swift in Sources */,
				D3A25912A15FD4139932A02A /* HomeView.swift in Sources */,
				D925D7F3BC4403CF2411FD1E /* HowToUseView.swift in Sources */,
				AC41E2680293451474418BA2 /* InputValidator.swift in Sources */,
				E70E7619B66361905085DF00 /* JSONParserService.swift in Sources */,
				A1D8C5056ECE896DE6DFEF83 /* LearningDataService.swift in Sources */,
				EC8D8BDAEFD077B9BA96CA55 /* LearningModels.swift in Sources */,
				D61911DDB3C7288F5FB36FE9 /* MiniGamesView.swift in Sources */,
				BAC494B4FBE3F2FDE0AECAC4 /* NPLearnApp.swift in Sources */,
				B6C2A687D1F252A2631F5072 /* NetworkMonitor.swift in Sources */,
				C619C3A9D10EE345901A42B9 /* PracticeViews.swift in Sources */,
				C1501F1F1D474D3DA74D5B0F /* ProductionConfig.swift in Sources */,
				1B28E3B431607AF3541B10CF /* ProfileView.swift in Sources */,
				56F723895E23CBB2ABD09523 /* RetryManager.swift in Sources */,
				FA1E2CED886CEF55D6C2C8A9 /* SampleDataService.swift in Sources */,
				CB215DBB22163C52F238E874 /* SentenceBuilderGame.swift in Sources */,
				7B84F47E6D17A51BE18087C2 /* SignInView.swift in Sources */,
				CE7EF0D2924B0D996AE77E65 /* ToastManager.swift in Sources */,
			);
			runOnlyForDeploymentPostprocessing = 0;
		};
/* End PBXSourcesBuildPhase section */

/* Begin PBXTargetDependency section */
		36C7781A8E46CAA1F819BD21 /* PBXTargetDependency */ = {
			isa = PBXTargetDependency;
			target = E4D9DD32C4A31AEA2263AB59 /* NPLearn */;
			targetProxy = F7DBB92F7B4D85BC605C06EF /* PBXContainerItemProxy */;
		};
		E005F484675E4C758265A24C /* PBXTargetDependency */ = {
			isa = PBXTargetDependency;
			target = E4D9DD32C4A31AEA2263AB59 /* NPLearn */;
			targetProxy = 7D97D717B0C0538FA9217DE8 /* PBXContainerItemProxy */;
		};
/* End PBXTargetDependency section */

/* Begin XCBuildConfiguration section */
		074CB7E14CDE34200BA29DFD /* Debug */ = {
			isa = XCBuildConfiguration;
			buildSettings = {
				ASSETCATALOG_COMPILER_APPICON_NAME = AppIcon;
				CODE_SIGN_ENTITLEMENTS = Sources/NPLearn.entitlements;
				CODE_SIGN_IDENTITY = "iPhone Developer";
				CODE_SIGN_STYLE = Automatic;
				COPY_PHASE_STRIP = NO;
				CURRENT_PROJECT_VERSION = 2;
				DEBUG_INFORMATION_FORMAT = dwarf;
				DEVELOPMENT_TEAM = 9A3YFRQ7SM;
				DWARF_DSYM_FILE_NAME = "$(EXECUTABLE_NAME).dSYM";
				DWARF_DSYM_FOLDER_PATH = "$(CONFIGURATION_BUILD_DIR)";
				ENABLE_BITCODE = NO;
				INFOPLIST_FILE = Sources/Info.plist;
				LD_RUNPATH_SEARCH_PATHS = (
					"$(inherited)",
					"@executable_path/Frameworks",
				);
				MARKETING_VERSION = 1.0;
				PRODUCT_BUNDLE_IDENTIFIER = com.company.nplearn;
				SDKROOT = iphoneos;
				STRIPFLAGS = "-x";
				STRIP_INSTALLED_PRODUCT = NO;
				STRIP_STYLE = "non-global";
				TARGETED_DEVICE_FAMILY = "1,2";
			};
			name = Debug;
		};
		82C59238547C10C2187A60DD /* Debug */ = {
			isa = XCBuildConfiguration;
			buildSettings = {
				BUNDLE_LOADER = "$(TEST_HOST)";
				LD_RUNPATH_SEARCH_PATHS = (
					"$(inherited)",
					"@executable_path/Frameworks",
					"@loader_path/Frameworks",
				);
				SDKROOT = iphoneos;
				TARGETED_DEVICE_FAMILY = "1,2";
				TEST_TARGET_NAME = NPLearn;
			};
			name = Debug;
		};
		9EF3A3CAB93D726758BDE648 /* Debug */ = {
			isa = XCBuildConfiguration;
			buildSettings = {
				ALWAYS_SEARCH_USER_PATHS = NO;
				CLANG_ANALYZER_NONNULL = YES;
				CLANG_ANALYZER_NUMBER_OBJECT_CONVERSION = YES_AGGRESSIVE;
				CLANG_CXX_LANGUAGE_STANDARD = "gnu++14";
				CLANG_CXX_LIBRARY = "libc++";
				CLANG_ENABLE_MODULES = YES;
				CLANG_ENABLE_OBJC_ARC = YES;
				CLANG_ENABLE_OBJC_WEAK = YES;
				CLANG_WARN_BLOCK_CAPTURE_AUTORELEASING = YES;
				CLANG_WARN_BOOL_CONVERSION = YES;
				CLANG_WARN_COMMA = YES;
				CLANG_WARN_CONSTANT_CONVERSION = YES;
				CLANG_WARN_DEPRECATED_OBJC_IMPLEMENTATIONS = YES;
				CLANG_WARN_DIRECT_OBJC_ISA_USAGE = YES_ERROR;
				CLANG_WARN_DOCUMENTATION_COMMENTS = YES;
				CLANG_WARN_EMPTY_BODY = YES;
				CLANG_WARN_ENUM_CONVERSION = YES;
				CLANG_WARN_INFINITE_RECURSION = YES;
				CLANG_WARN_INT_CONVERSION = YES;
				CLANG_WARN_NON_LITERAL_NULL_CONVERSION = YES;
				CLANG_WARN_OBJC_IMPLICIT_RETAIN_SELF = YES;
				CLANG_WARN_OBJC_LITERAL_CONVERSION = YES;
				CLANG_WARN_OBJC_ROOT_CLASS = YES_ERROR;
				CLANG_WARN_QUOTED_INCLUDE_IN_FRAMEWORK_HEADER = YES;
				CLANG_WARN_RANGE_LOOP_ANALYSIS = YES;
				CLANG_WARN_STRICT_PROTOTYPES = YES;
				CLANG_WARN_SUSPICIOUS_MOVE = YES;
				CLANG_WARN_UNGUARDED_AVAILABILITY = YES_AGGRESSIVE;
				CLANG_WARN_UNREACHABLE_CODE = YES;
				CLANG_WARN__DUPLICATE_METHOD_MATCH = YES;
				COPY_PHASE_STRIP = NO;
				DEBUG_INFORMATION_FORMAT = dwarf;
				ENABLE_STRICT_OBJC_MSGSEND = YES;
				ENABLE_TESTABILITY = YES;
				GCC_C_LANGUAGE_STANDARD = gnu11;
				GCC_DYNAMIC_NO_PIC = NO;
				GCC_NO_COMMON_BLOCKS = YES;
				GCC_OPTIMIZATION_LEVEL = 0;
				GCC_PREPROCESSOR_DEFINITIONS = (
					"$(inherited)",
					"DEBUG=1",
				);
				GCC_WARN_64_TO_32_BIT_CONVERSION = YES;
				GCC_WARN_ABOUT_RETURN_TYPE = YES_ERROR;
				GCC_WARN_UNDECLARED_SELECTOR = YES;
				GCC_WARN_UNINITIALIZED_AUTOS = YES_AGGRESSIVE;
				GCC_WARN_UNUSED_FUNCTION = YES;
				GCC_WARN_UNUSED_VARIABLE = YES;
				IPHONEOS_DEPLOYMENT_TARGET = 16.0;
				MTL_ENABLE_DEBUG_INFO = INCLUDE_SOURCE;
				MTL_FAST_MATH = YES;
				ONLY_ACTIVE_ARCH = YES;
				PRODUCT_NAME = "$(TARGET_NAME)";
				SDKROOT = iphoneos;
				SWIFT_ACTIVE_COMPILATION_CONDITIONS = DEBUG;
				SWIFT_OPTIMIZATION_LEVEL = "-Onone";
				SWIFT_VERSION = 5.0;
			};
			name = Debug;
		};
		A18C1ED4A59D1F76B3A6FE48 /* Release */ = {
			isa = XCBuildConfiguration;
			buildSettings = {
				BUNDLE_LOADER = "$(TEST_HOST)";
				LD_RUNPATH_SEARCH_PATHS = (
					"$(inherited)",
					"@executable_path/Frameworks",
					"@loader_path/Frameworks",
				);
				SDKROOT = iphoneos;
				TARGETED_DEVICE_FAMILY = "1,2";
				TEST_HOST = "$(BUILT_PRODUCTS_DIR)/NPLearn.app/NPLearn";
			};
			name = Release;
		};
		BA5E3881346A89C0B30CC021 /* Release */ = {
			isa = XCBuildConfiguration;
			buildSettings = {
				BUNDLE_LOADER = "$(TEST_HOST)";
				LD_RUNPATH_SEARCH_PATHS = (
					"$(inherited)",
					"@executable_path/Frameworks",
					"@loader_path/Frameworks",
				);
				SDKROOT = iphoneos;
				TARGETED_DEVICE_FAMILY = "1,2";
				TEST_TARGET_NAME = NPLearn;
			};
			name = Release;
		};
		BBF8C5CE564E99634D8B83C7 /* Release */ = {
			isa = XCBuildConfiguration;
			buildSettings = {
				ALWAYS_SEARCH_USER_PATHS = NO;
				CLANG_ANALYZER_NONNULL = YES;
				CLANG_ANALYZER_NUMBER_OBJECT_CONVERSION = YES_AGGRESSIVE;
				CLANG_CXX_LANGUAGE_STANDARD = "gnu++14";
				CLANG_CXX_LIBRARY = "libc++";
				CLANG_ENABLE_MODULES = YES;
				CLANG_ENABLE_OBJC_ARC = YES;
				CLANG_ENABLE_OBJC_WEAK = YES;
				CLANG_WARN_BLOCK_CAPTURE_AUTORELEASING = YES;
				CLANG_WARN_BOOL_CONVERSION = YES;
				CLANG_WARN_COMMA = YES;
				CLANG_WARN_CONSTANT_CONVERSION = YES;
				CLANG_WARN_DEPRECATED_OBJC_IMPLEMENTATIONS = YES;
				CLANG_WARN_DIRECT_OBJC_ISA_USAGE = YES_ERROR;
				CLANG_WARN_DOCUMENTATION_COMMENTS = YES;
				CLANG_WARN_EMPTY_BODY = YES;
				CLANG_WARN_ENUM_CONVERSION = YES;
				CLANG_WARN_INFINITE_RECURSION = YES;
				CLANG_WARN_INT_CONVERSION = YES;
				CLANG_WARN_NON_LITERAL_NULL_CONVERSION = YES;
				CLANG_WARN_OBJC_IMPLICIT_RETAIN_SELF = YES;
				CLANG_WARN_OBJC_LITERAL_CONVERSION = YES;
				CLANG_WARN_OBJC_ROOT_CLASS = YES_ERROR;
				CLANG_WARN_QUOTED_INCLUDE_IN_FRAMEWORK_HEADER = YES;
				CLANG_WARN_RANGE_LOOP_ANALYSIS = YES;
				CLANG_WARN_STRICT_PROTOTYPES = YES;
				CLANG_WARN_SUSPICIOUS_MOVE = YES;
				CLANG_WARN_UNGUARDED_AVAILABILITY = YES_AGGRESSIVE;
				CLANG_WARN_UNREACHABLE_CODE = YES;
				CLANG_WARN__DUPLICATE_METHOD_MATCH = YES;
				COPY_PHASE_STRIP = NO;
				DEBUG_INFORMATION_FORMAT = "dwarf-with-dsym";
				ENABLE_NS_ASSERTIONS = NO;
				ENABLE_STRICT_OBJC_MSGSEND = YES;
				GCC_C_LANGUAGE_STANDARD = gnu11;
				GCC_NO_COMMON_BLOCKS = YES;
				GCC_WARN_64_TO_32_BIT_CONVERSION = YES;
				GCC_WARN_ABOUT_RETURN_TYPE = YES_ERROR;
				GCC_WARN_UNDECLARED_SELECTOR = YES;
				GCC_WARN_UNINITIALIZED_AUTOS = YES_AGGRESSIVE;
				GCC_WARN_UNUSED_FUNCTION = YES;
				GCC_WARN_UNUSED_VARIABLE = YES;
				IPHONEOS_DEPLOYMENT_TARGET = 16.0;
				MTL_ENABLE_DEBUG_INFO = NO;
				MTL_FAST_MATH = YES;
				PRODUCT_NAME = "$(TARGET_NAME)";
				SDKROOT = iphoneos;
				SWIFT_COMPILATION_MODE = wholemodule;
				SWIFT_OPTIMIZATION_LEVEL = "-O";
				SWIFT_VERSION = 5.0;
			};
			name = Release;
		};
		CBB28E6F5AC1AC6439624BD6 /* Debug */ = {
			isa = XCBuildConfiguration;
			buildSettings = {
				BUNDLE_LOADER = "$(TEST_HOST)";
				LD_RUNPATH_SEARCH_PATHS = (
					"$(inherited)",
					"@executable_path/Frameworks",
					"@loader_path/Frameworks",
				);
				SDKROOT = iphoneos;
				TARGETED_DEVICE_FAMILY = "1,2";
				TEST_HOST = "$(BUILT_PRODUCTS_DIR)/NPLearn.app/NPLearn";
			};
			name = Debug;
		};
		FC862A3193432857C7BABD40 /* Release */ = {
			isa = XCBuildConfiguration;
			buildSettings = {
				ASSETCATALOG_COMPILER_APPICON_NAME = AppIcon;
				CODE_SIGN_ENTITLEMENTS = Sources/NPLearn.entitlements;
				CODE_SIGN_IDENTITY = "iPhone Developer";
				CODE_SIGN_STYLE = Automatic;
				COPY_PHASE_STRIP = NO;
				CURRENT_PROJECT_VERSION = 2;
				DEBUG_INFORMATION_FORMAT = "dwarf-with-dsym";
				DEVELOPMENT_TEAM = 9A3YFRQ7SM;
				DWARF_DSYM_FILE_NAME = "$(EXECUTABLE_NAME).dSYM";
				DWARF_DSYM_FOLDER_PATH = "$(CONFIGURATION_BUILD_DIR)";
				ENABLE_BITCODE = NO;
				INFOPLIST_FILE = Sources/Info.plist;
				LD_RUNPATH_SEARCH_PATHS = (
					"$(inherited)",
					"@executable_path/Frameworks",
				);
				MARKETING_VERSION = 1.0;
				PRODUCT_BUNDLE_IDENTIFIER = com.company.nplearn;
				SDKROOT = iphoneos;
				STRIPFLAGS = "-x";
				STRIP_INSTALLED_PRODUCT = YES;
				STRIP_STYLE = "non-global";
				TARGETED_DEVICE_FAMILY = "1,2";
			};
			name = Release;
		};
/* End XCBuildConfiguration section */

/* Begin XCConfigurationList section */
		1EAE4EFF9EB4920BE6CAB8D1 /* Build configuration list for PBXProject "NPLearn" */ = {
			isa = XCConfigurationList;
			buildConfigurations = (
				9EF3A3CAB93D726758BDE648 /* Debug */,
				BBF8C5CE564E99634D8B83C7 /* Release */,
			);
			defaultConfigurationIsVisible = 0;
			defaultConfigurationName = Debug;
		};
		2643DE33FCB4DE13BF30F615 /* Build configuration list for PBXNativeTarget "NPLearnTests" */ = {
			isa = XCConfigurationList;
			buildConfigurations = (
				CBB28E6F5AC1AC6439624BD6 /* Debug */,
				A18C1ED4A59D1F76B3A6FE48 /* Release */,
			);
			defaultConfigurationIsVisible = 0;
			defaultConfigurationName = Debug;
		};
		85737FF6AFE6BB115D4FE3BC /* Build configuration list for PBXNativeTarget "NPLearnUITests" */ = {
			isa = XCConfigurationList;
			buildConfigurations = (
				82C59238547C10C2187A60DD /* Debug */,
				BA5E3881346A89C0B30CC021 /* Release */,
			);
			defaultConfigurationIsVisible = 0;
			defaultConfigurationName = Debug;
		};
		C00DE1BECB25B2E817B7A699 /* Build configuration list for PBXNativeTarget "NPLearn" */ = {
			isa = XCConfigurationList;
			buildConfigurations = (
				074CB7E14CDE34200BA29DFD /* Debug */,
				FC862A3193432857C7BABD40 /* Release */,
			);
			defaultConfigurationIsVisible = 0;
			defaultConfigurationName = Debug;
		};
/* End XCConfigurationList section */

/* Begin XCRemoteSwiftPackageReference section */
		FA474365195381848CA9DCE5 /* XCRemoteSwiftPackageReference "firebase-ios-sdk" */ = {
			isa = XCRemoteSwiftPackageReference;
			repositoryURL = "https://github.com/firebase/firebase-ios-sdk";
			requirement = {
				kind = upToNextMajorVersion;
				minimumVersion = 10.19.0;
			};
		};
/* End XCRemoteSwiftPackageReference section */

/* Begin XCSwiftPackageProductDependency section */
		6C6F4AC20A9B432E2382E4BF /* FirebaseAuth */ = {
			isa = XCSwiftPackageProductDependency;
			package = FA474365195381848CA9DCE5 /* XCRemoteSwiftPackageReference "firebase-ios-sdk" */;
			productName = FirebaseAuth;
		};
/* End XCSwiftPackageProductDependency section */
	};
	rootObject = 6B9A48036F838EBE5744942A /* Project object */;
}
